// !$*UTF8*$!
{
	archiveVersion = 1;
	classes = {
	};
	objectVersion = 46;
	objects = {

/* Begin PBXBuildFile section */
		ABF4CB411D4FA17D00BEA790 /* main.m in Sources */ = {isa = PBXBuildFile; fileRef = ABF4CB401D4FA17D00BEA790 /* main.m */; };
		ABF4CB491D4FA6E500BEA790 /* Student.m in Sources */ = {isa = PBXBuildFile; fileRef = ABF4CB481D4FA6E500BEA790 /* Student.m */; };
/* End PBXBuildFile section */

/* Begin PBXCopyFilesBuildPhase section */
		ABF4CB3B1D4FA17D00BEA790 /* CopyFiles */ = {
			isa = PBXCopyFilesBuildPhase;
			buildActionMask = 2147483647;
			dstPath = /usr/share/man/man1/;
			dstSubfolderSpec = 0;
			files = (
			);
			runOnlyForDeploymentPostprocessing = 1;
		};
/* End PBXCopyFilesBuildPhase section */

/* Begin PBXFileReference section */
		ABF4CB3D1D4FA17D00BEA790 /* L07多线程 */ = {isa = PBXFileReference; explicitFileType = "compiled.mach-o.executable"; includeInIndex = 0; path = "L07多线程"; sourceTree = BUILT_PRODUCTS_DIR; };
		ABF4CB401D4FA17D00BEA790 /* main.m */ = {isa = PBXFileReference; lastKnownFileType = sourcecode.c.objc; path = main.m; sourceTree = "<group>"; };
		ABF4CB471D4FA6E500BEA790 /* Student.h */ = {isa = PBXFileReference; fileEncoding = 4; lastKnownFileType = sourcecode.c.h; path = Student.h; sourceTree = "<group>"; };
		ABF4CB481D4FA6E500BEA790 /* Student.m */ = {isa = PBXFileReference; fileEncoding = 4; lastKnownFileType = sourcecode.c.objc; path = Student.m; sourceTree = "<group>"; };
/* End PBXFileReference section */

/* Begin PBXFrameworksBuildPhase section */
		ABF4CB3A1D4FA17D00BEA790 /* Frameworks */ = {
			isa = PBXFrameworksBuildPhase;
			buildActionMask = 2147483647;
			files = (
			);
			runOnlyForDeploymentPostprocessing = 0;
		};
/* End PBXFrameworksBuildPhase section */

/* Begin PBXGroup section */
		ABF4CB341D4FA17D00BEA790 = {
			isa = PBXGroup;
			children = (
				ABF4CB3F1D4FA17D00BEA790 /* L07多线程 */,
				ABF4CB3E1D4FA17D00BEA790 /* Products */,
			);
			sourceTree = "<group>";
		};
		ABF4CB3E1D4FA17D00BEA790 /* Products */ = {
			isa = PBXGroup;
			children = (
				ABF4CB3D1D4FA17D00BEA790 /* L07多线程 */,
			);
			name = Products;
			sourceTree = "<group>";
		};
		ABF4CB3F1D4FA17D00BEA790 /* L07多线程 */ = {
			isa = PBXGroup;
			children = (
				ABF4CB401D4FA17D00BEA790 /* main.m */,
				ABF4CB471D4FA6E500BEA790 /* Student.h */,
				ABF4CB481D4FA6E500BEA790 /* Student.m */,
			);
			path = "L07多线程";
			sourceTree = "<group>";
		};
/* End PBXGroup section */

/* Begin PBXNativeTarget section */
		ABF4CB3C1D4FA17D00BEA790 /* L07多线程 */ = {
			isa = PBXNativeTarget;
			buildConfigurationList = ABF4CB441D4FA17D00BEA790 /* Build configuration list for PBXNativeTarget "L07多线程" */;
			buildPhases = (
				ABF4CB391D4FA17D00BEA790 /* Sources */,
				ABF4CB3A1D4FA17D00BEA790 /* Frameworks */,
				ABF4CB3B1D4FA17D00BEA790 /* CopyFiles */,
			);
			buildRules = (
			);
			dependencies = (
			);
			name = "L07多线程";
			productName = "L07多线程";
			productReference = ABF4CB3D1D4FA17D00BEA790 /* L07多线程 */;
			productType = "com.apple.product-type.tool";
		};
/* End PBXNativeTarget section */

/* Begin PBXProject section */
		ABF4CB351D4FA17D00BEA790 /* Project object */ = {
			isa = PBXProject;
			attributes = {
				LastUpgradeCheck = 0800;
				ORGANIZATIONNAME = Meng;
				TargetAttributes = {
					ABF4CB3C1D4FA17D00BEA790 = {
						CreatedOnToolsVersion = 8.0;
						DevelopmentTeam = E29Y9Z5PCY;
						DevelopmentTeamName = "ai meng (Personal Team)";
						ProvisioningStyle = Automatic;
					};
				};
			};
			buildConfigurationList = ABF4CB381D4FA17D00BEA790 /* Build configuration list for PBXProject "L07多线程" */;
			compatibilityVersion = "Xcode 3.2";
			developmentRegion = English;
			hasScannedForEncodings = 0;
			knownRegions = (
				en,
			);
			mainGroup = ABF4CB341D4FA17D00BEA790;
			productRefGroup = ABF4CB3E1D4FA17D00BEA790 /* Products */;
			projectDirPath = "";
			projectRoot = "";
			targets = (
				ABF4CB3C1D4FA17D00BEA790 /* L07多线程 */,
			);
		};
/* End PBXProject section */

/* Begin PBXSourcesBuildPhase section */
		ABF4CB391D4FA17D00BEA790 /* Sources */ = {
			isa = PBXSourcesBuildPhase;
			buildActionMask = 2147483647;
			files = (
				ABF4CB411D4FA17D00BEA790 /* main.m in Sources */,
				ABF4CB491D4FA6E500BEA790 /* Student.m in Sources */,
			);
			runOnlyForDeploymentPostprocessing = 0;
		};
/* End PBXSourcesBuildPhase section */

/* Begin XCBuildConfiguration section */
		ABF4CB421D4FA17D00BEA790 /* Debug */ = {
			isa = XCBuildConfiguration;
			buildSettings = {
				ALWAYS_SEARCH_USER_PATHS = NO;
				CLANG_ANALYZER_NONNULL = YES;
				CLANG_CXX_LANGUAGE_STANDARD = "gnu++0x";
				CLANG_CXX_LIBRARY = "libc++";
				CLANG_ENABLE_MODULES = YES;
				CLANG_ENABLE_OBJC_ARC = YES;
				CLANG_WARN_BOOL_CONVERSION = YES;
				CLANG_WARN_CONSTANT_CONVERSION = YES;
				CLANG_WARN_DIRECT_OBJC_ISA_USAGE = YES_ERROR;
				CLANG_WARN_DOCUMENTATION_COMMENTS = YES;
				CLANG_WARN_EMPTY_BODY = YES;
				CLANG_WARN_ENUM_CONVERSION = YES;
				CLANG_WARN_INT_CONVERSION = YES;
				CLANG_WARN_OBJC_ROOT_CLASS = YES_ERROR;
				CLANG_WARN_UNREACHABLE_CODE = YES;
				CLANG_WARN__DUPLICATE_METHOD_MATCH = YES;
				CODE_SIGN_IDENTITY = "-";
				COPY_PHASE_STRIP = NO;
				DEBUG_INFORMATION_FORMAT = dwarf;
				ENABLE_STRICT_OBJC_MSGSEND = YES;
				ENABLE_TESTABILITY = YES;
				GCC_C_LANGUAGE_STANDARD = gnu99;
				GCC_DYNAMIC_NO_PIC = NO;
				GCC_NO_COMMON_BLOCKS = YES;
				GCC_OPTIMIZATION_LEVEL = 0;
				GCC_PREPROCESSOR_DEFINITIONS = (
					"DEBUG=1",
					"$(inherited)",
				);
				GCC_WARN_64_TO_32_BIT_CONVERSION = YES;
				GCC_WARN_ABOUT_RETURN_TYPE = YES_ERROR;
				GCC_WARN_UNDECLARED_SELECTOR = YES;
				GCC_WARN_UNINITIALIZED_AUTOS = YES_AGGRESSIVE;
				GCC_WARN_UNUSED_FUNCTION = YES;
				GCC_WARN_UNUSED_VARIABLE = YES;
				MACOSX_DEPLOYMENT_TARGET = 10.11;
				MTL_ENABLE_DEBUG_INFO = YES;
				ONLY_ACTIVE_ARCH = YES;
				SDKROOT = macosx;
			};
			name = Debug;
		};
		ABF4CB431D4FA17D00BEA790 /* Release */ = {
			isa = XCBuildConfiguration;
			buildSettings = {
				ALWAYS_SEARCH_USER_PATHS = NO;
				CLANG_ANALYZER_NONNULL = YES;
				CLANG_CXX_LANGUAGE_STANDARD = "gnu++0x";
				CLANG_CXX_LIBRARY = "libc++";
				CLANG_ENABLE_MODULES = YES;
				CLANG_ENABLE_OBJC_ARC = YES;
				CLANG_WARN_BOOL_CONVERSION = YES;
				CLANG_WARN_CONSTANT_CONVERSION = YES;
				CLANG_WARN_DIRECT_OBJC_ISA_USAGE = YES_ERROR;
				CLANG_WARN_DOCUMENTATION_COMMENTS = YES;
				CLANG_WARN_EMPTY_BODY = YES;
				CLANG_WARN_ENUM_CONVERSION = YES;
				CLANG_WARN_INT_CONVERSION = YES;
				CLANG_WARN_OBJC_ROOT_CLASS = YES_ERROR;
				CLANG_WARN_UNREACHABLE_CODE = YES;
				CLANG_WARN__DUPLICATE_METHOD_MATCH = YES;
				CODE_SIGN_IDENTITY = "-";
				COPY_PHASE_STRIP = NO;
				DEBUG_INFORMATION_FORMAT = "dwarf-with-dsym";
				ENABLE_NS_ASSERTIONS = NO;
				ENABLE_STRICT_OBJC_MSGSEND = YES;
				GCC_C_LANGUAGE_STANDARD = gnu99;
				GCC_NO_COMMON_BLOCKS = YES;
				GCC_WARN_64_TO_32_BIT_CONVERSION = YES;
				GCC_WARN_ABOUT_RETURN_TYPE = YES_ERROR;
				GCC_WARN_UNDECLARED_SELECTOR = YES;
				GCC_WARN_UNINITIALIZED_AUTOS = YES_AGGRESSIVE;
				GCC_WARN_UNUSED_FUNCTION = YES;
				GCC_WARN_UNUSED_VARIABLE = YES;
				MACOSX_DEPLOYMENT_TARGET = 10.11;
				MTL_ENABLE_DEBUG_INFO = NO;
				SDKROOT = macosx;
			};
			name = Release;
		};
		ABF4CB451D4FA17D00BEA790 /* Debug */ = {
			isa = XCBuildConfiguration;
			buildSettings = {
				PRODUCT_NAME = "$(TARGET_NAME)";
			};
			name = Debug;
		};
		ABF4CB461D4FA17D00BEA790 /* Release */ = {
			isa = XCBuildConfiguration;
			buildSettings = {
				PRODUCT_NAME = "$(TARGET_NAME)";
			};
			name = Release;
		};
/* End XCBuildConfiguration section */

/* Begin XCConfigurationList section */
		ABF4CB381D4FA17D00BEA790 /* Build configuration list for PBXProject "L07多线程" */ = {
			isa = XCConfigurationList;
			buildConfigurations = (
				ABF4CB421D4FA17D00BEA790 /* Debug */,
				ABF4CB431D4FA17D00BEA790 /* Release */,
			);
			defaultConfigurationIsVisible = 0;
			defaultConfigurationName = Release;
		};
		ABF4CB441D4FA17D00BEA790 /* Build configuration list for PBXNativeTarget "L07多线程" */ = {
			isa = XCConfigurationList;
			buildConfigurations = (
				ABF4CB451D4FA17D00BEA790 /* Debug */,
				ABF4CB461D4FA17D00BEA790 /* Release */,
			);
			defaultConfigurationIsVisible = 0;
		};
/* End XCConfigurationList section */
	};
	rootObject = ABF4CB351D4FA17D00BEA790 /* Project object */;
}
